
Microsoft Visual Studio Solution File, Format Version 12.00
# Visual Studio 15
VisualStudioVersion = 15.0.27004.2002
MinimumVisualStudioVersion = 10.0.40219.1
Project("{FAE04EC0-301F-11D3-BF4B-00C04F79EFBC}") = "BindingButtonTest", "BindingButtonTest\BindingButtonTest\BindingButtonTest.csproj", "{EEF31CFD-78C5-430B-9C00-3C0E351815F6}"
EndProject
Project("{FAE04EC0-301F-11D3-BF4B-00C04F79EFBC}") = "BindingButtonTest.Droid", "BindingButtonTest\BindingButtonTest.Droid\BindingButtonTest.Droid.csproj", "{166CEF54-0672-4A6D-848B-EA66E4996414}"
EndProject
Project("{FAE04EC0-301F-11D3-BF4B-00C04F79EFBC}") = "BindingButtonTest.iOS", "BindingButtonTest\BindingButtonTest.iOS\BindingButtonTest.iOS.csproj", "{1ECDF735-73FF-4F8B-9221-9B342A4821AF}"
EndProject
Global
	GlobalSection(SolutionConfigurationPlatforms) = preSolution
		Ad-Hoc|Any CPU = Ad-Hoc|Any CPU
		Ad-Hoc|iPhone = Ad-Hoc|iPhone
		Ad-Hoc|iPhoneSimulator = Ad-Hoc|iPhoneSimulator
		AppStore|Any CPU = AppStore|Any CPU
		AppStore|iPhone = AppStore|iPhone
		AppStore|iPhoneSimulator = AppStore|iPhoneSimulator
		Debug|Any CPU = Debug|Any CPU
		Debug|iPhone = Debug|iPhone
		Debug|iPhoneSimulator = Debug|iPhoneSimulator
		Release|Any CPU = Release|Any CPU
		Release|iPhone = Release|iPhone
		Release|iPhoneSimulator = Release|iPhoneSimulator
	EndGlobalSection
	GlobalSection(ProjectConfigurationPlatforms) = postSolution
		{EEF31CFD-78C5-430B-9C00-3C0E351815F6}.Ad-Hoc|Any CPU.ActiveCfg = Release|Any CPU
		{EEF31CFD-78C5-430B-9C00-3C0E351815F6}.Ad-Hoc|Any CPU.Build.0 = Release|Any CPU
		{EEF31CFD-78C5-430B-9C00-3C0E351815F6}.Ad-Hoc|iPhone.ActiveCfg = Release|Any CPU
		{EEF31CFD-78C5-430B-9C00-3C0E351815F6}.Ad-Hoc|iPhone.Build.0 = Release|Any CPU
		{EEF31CFD-78C5-430B-9C00-3C0E351815F6}.Ad-Hoc|iPhoneSimulator.ActiveCfg = Release|Any CPU
		{EEF31CFD-78C5-430B-9C00-3C0E351815F6}.Ad-Hoc|iPhoneSimulator.Build.0 = Release|Any CPU
		{EEF31CFD-78C5-430B-9C00-3C0E351815F6}.AppStore|Any CPU.ActiveCfg = Release|Any CPU
		{EEF31CFD-78C5-430B-9C00-3C0E351815F6}.AppStore|Any CPU.Build.0 = Release|Any CPU
		{EEF31CFD-78C5-430B-9C00-3C0E351815F6}.AppStore|iPhone.ActiveCfg = Release|Any CPU
		{EEF31CFD-78C5-430B-9C00-3C0E351815F6}.AppStore|iPhone.Build.0 = Release|Any CPU
		{EEF31CFD-78C5-430B-9C00-3C0E351815F6}.AppStore|iPhoneSimulator.ActiveCfg = Release|Any CPU
		{EEF31CFD-78C5-430B-9C00-3C0E351815F6}.AppStore|iPhoneSimulator.Build.0 = Release|Any CPU
		{EEF31CFD-78C5-430B-9C00-3C0E351815F6}.Debug|Any CPU.ActiveCfg = Debug|Any CPU
		{EEF31CFD-78C5-430B-9C00-3C0E351815F6}.Debug|Any CPU.Build.0 = Debug|Any CPU
		{EEF31CFD-78C5-430B-9C00-3C0E351815F6}.Debug|iPhone.ActiveCfg = Debug|Any CPU
		{EEF31CFD-78C5-430B-9C00-3C0E351815F6}.Debug|iPhone.Build.0 = Debug|Any CPU
		{EEF31CFD-78C5-430B-9C00-3C0E351815F6}.Debug|iPhoneSimulator.ActiveCfg = Debug|Any CPU
		{EEF31CFD-78C5-430B-9C00-3C0E351815F6}.Debug|iPhoneSimulator.Build.0 = Debug|Any CPU
		{EEF31CFD-78C5-430B-9C00-3C0E351815F6}.Release|Any CPU.ActiveCfg = Release|Any CPU
		{EEF31CFD-78C5-430B-9C00-3C0E351815F6}.Release|Any CPU.Build.0 = Release|Any CPU
		{EEF31CFD-78C5-430B-9C00-3C0E351815F6}.Release|iPhone.ActiveCfg = Release|Any CPU
		{EEF31CFD-78C5-430B-9C00-3C0E351815F6}.Release|iPhone.Build.0 = Release|Any CPU
		{EEF31CFD-78C5-430B-9C00-3C0E351815F6}.Release|iPhoneSimulator.ActiveCfg = Release|Any CPU
		{EEF31CFD-78C5-430B-9C00-3C0E351815F6}.Release|iPhoneSimulator.Build.0 = Release|Any CPU
		{166CEF54-0672-4A6D-848B-EA66E4996414}.Ad-Hoc|Any CPU.ActiveCfg = Release|Any CPU
		{166CEF54-0672-4A6D-848B-EA66E4996414}.Ad-Hoc|Any CPU.Build.0 = Release|Any CPU
		{166CEF54-0672-4A6D-848B-EA66E4996414}.Ad-Hoc|Any CPU.Deploy.0 = Release|Any CPU
		{166CEF54-0672-4A6D-848B-EA66E4996414}.Ad-Hoc|iPhone.ActiveCfg = Release|Any CPU
		{166CEF54-0672-4A6D-848B-EA66E4996414}.Ad-Hoc|iPhone.Build.0 = Release|Any CPU
		{166CEF54-0672-4A6D-848B-EA66E4996414}.Ad-Hoc|iPhone.Deploy.0 = Release|Any CPU
		{166CEF54-0672-4A6D-848B-EA66E4996414}.Ad-Hoc|iPhoneSimulator.ActiveCfg = Release|Any CPU
		{166CEF54-0672-4A6D-848B-EA66E4996414}.Ad-Hoc|iPhoneSimulator.Build.0 = Release|Any CPU
		{166CEF54-0672-4A6D-848B-EA66E4996414}.Ad-Hoc|iPhoneSimulator.Deploy.0 = Release|Any CPU
		{166CEF54-0672-4A6D-848B-EA66E4996414}.AppStore|Any CPU.ActiveCfg = Release|Any CPU
		{166CEF54-0672-4A6D-848B-EA66E4996414}.AppStore|Any CPU.Build.0 = Release|Any CPU
		{166CEF54-0672-4A6D-848B-EA66E4996414}.AppStore|Any CPU.Deploy.0 = Release|Any CPU
		{166CEF54-0672-4A6D-848B-EA66E4996414}.AppStore|iPhone.ActiveCfg = Release|Any CPU
		{166CEF54-0672-4A6D-848B-EA66E4996414}.AppStore|iPhone.Build.0 = Release|Any CPU
		{166CEF54-0672-4A6D-848B-EA66E4996414}.AppStore|iPhone.Deploy.0 = Release|Any CPU
		{166CEF54-0672-4A6D-848B-EA66E4996414}.AppStore|iPhoneSimulator.ActiveCfg = Release|Any CPU
		{166CEF54-0672-4A6D-848B-EA66E4996414}.AppStore|iPhoneSimulator.Build.0 = Release|Any CPU
		{166CEF54-0672-4A6D-848B-EA66E4996414}.AppStore|iPhoneSimulator.Deploy.0 = Release|Any CPU
		{166CEF54-0672-4A6D-848B-EA66E4996414}.Debug|Any CPU.ActiveCfg = Debug|Any CPU
		{166CEF54-0672-4A6D-848B-EA66E4996414}.Debug|Any CPU.Build.0 = Debug|Any CPU
		{166CEF54-0672-4A6D-848B-EA66E4996414}.Debug|Any CPU.Deploy.0 = Debug|Any CPU
		{166CEF54-0672-4A6D-848B-EA66E4996414}.Debug|iPhone.ActiveCfg = Debug|Any CPU
		{166CEF54-0672-4A6D-848B-EA66E4996414}.Debug|iPhone.Build.0 = Debug|Any CPU
		{166CEF54-0672-4A6D-848B-EA66E4996414}.Debug|iPhone.Deploy.0 = Debug|Any CPU
		{166CEF54-0672-4A6D-848B-EA66E4996414}.Debug|iPhoneSimulator.ActiveCfg = Debug|Any CPU
		{166CEF54-0672-4A6D-848B-EA66E4996414}.Debug|iPhoneSimulator.Build.0 = Debug|Any CPU
		{166CEF54-0672-4A6D-848B-EA66E4996414}.Debug|iPhoneSimulator.Deploy.0 = Debug|Any CPU
		{166CEF54-0672-4A6D-848B-EA66E4996414}.Release|Any CPU.ActiveCfg = Release|Any CPU
		{166CEF54-0672-4A6D-848B-EA66E4996414}.Release|Any CPU.Build.0 = Release|Any CPU
		{166CEF54-0672-4A6D-848B-EA66E4996414}.Release|Any CPU.Deploy.0 = Release|Any CPU
		{166CEF54-0672-4A6D-848B-EA66E4996414}.Release|iPhone.ActiveCfg = Release|Any CPU
		{166CEF54-0672-4A6D-848B-EA66E4996414}.Release|iPhone.Build.0 = Release|Any CPU
		{166CEF54-0672-4A6D-848B-EA66E4996414}.Release|iPhone.Deploy.0 = Release|Any CPU
		{166CEF54-0672-4A6D-848B-EA66E4996414}.Release|iPhoneSimulator.ActiveCfg = Release|Any CPU
		{166CEF54-0672-4A6D-848B-EA66E4996414}.Release|iPhoneSimulator.Build.0 = Release|Any CPU
		{166CEF54-0672-4A6D-848B-EA66E4996414}.Release|iPhoneSimulator.Deploy.0 = Release|Any CPU
		{1ECDF735-73FF-4F8B-9221-9B342A4821AF}.Ad-Hoc|Any CPU.ActiveCfg = Ad-Hoc|iPhone
		{1ECDF735-73FF-4F8B-9221-9B342A4821AF}.Ad-Hoc|iPhone.ActiveCfg = Ad-Hoc|iPhone
		{1ECDF735-73FF-4F8B-9221-9B342A4821AF}.Ad-Hoc|iPhone.Build.0 = Ad-Hoc|iPhone
		{1ECDF735-73FF-4F8B-9221-9B342A4821AF}.Ad-Hoc|iPhoneSimulator.ActiveCfg = Ad-Hoc|iPhoneSimulator
		{1ECDF735-73FF-4F8B-9221-9B342A4821AF}.Ad-Hoc|iPhoneSimulator.Build.0 = Ad-Hoc|iPhoneSimulator
		{1ECDF735-73FF-4F8B-9221-9B342A4821AF}.AppStore|Any CPU.ActiveCfg = AppStore|iPhone
		{1ECDF735-73FF-4F8B-9221-9B342A4821AF}.AppStore|iPhone.ActiveCfg = AppStore|iPhone
		{1ECDF735-73FF-4F8B-9221-9B342A4821AF}.AppStore|iPhone.Build.0 = AppStore|iPhone
		{1ECDF735-73FF-4F8B-9221-9B342A4821AF}.AppStore|iPhoneSimulator.ActiveCfg = AppStore|iPhoneSimulator
		{1ECDF735-73FF-4F8B-9221-9B342A4821AF}.AppStore|iPhoneSimulator.Build.0 = AppStore|iPhoneSimulator
		{1ECDF735-73FF-4F8B-9221-9B342A4821AF}.Debug|Any CPU.ActiveCfg = Debug|iPhone
		{1ECDF735-73FF-4F8B-9221-9B342A4821AF}.Debug|iPhone.ActiveCfg = Debug|iPhone
		{1ECDF735-73FF-4F8B-9221-9B342A4821AF}.Debug|iPhone.Build.0 = Debug|iPhone
		{1ECDF735-73FF-4F8B-9221-9B342A4821AF}.Debug|iPhoneSimulator.ActiveCfg = Debug|iPhoneSimulator
		{1ECDF735-73FF-4F8B-9221-9B342A4821AF}.Debug|iPhoneSimulator.Build.0 = Debug|iPhoneSimulator
		{1ECDF735-73FF-4F8B-9221-9B342A4821AF}.Release|Any CPU.ActiveCfg = Release|iPhone
		{1ECDF735-73FF-4F8B-9221-9B342A4821AF}.Release|iPhone.ActiveCfg = Release|iPhone
		{1ECDF735-73FF-4F8B-9221-9B342A4821AF}.Release|iPhone.Build.0 = Release|iPhone
		{1ECDF735-73FF-4F8B-9221-9B342A4821AF}.Release|iPhoneSimulator.ActiveCfg = Release|iPhoneSimulator
		{1ECDF735-73FF-4F8B-9221-9B342A4821AF}.Release|iPhoneSimulator.Build.0 = Release|iPhoneSimulator
	EndGlobalSection
	GlobalSection(SolutionProperties) = preSolution
		HideSolutionNode = FALSE
	EndGlobalSection
	GlobalSection(ExtensibilityGlobals) = postSolution
		SolutionGuid = {4F6DF582-B92E-4A4D-954F-5A7BED9CAB5B}
	EndGlobalSection
EndGlobal
